// !$*UTF8*$!
{
	archiveVersion = 1;
	classes = {
	};
	objectVersion = 48;
	objects = {

/* Begin PBXBuildFile section */
		2798EC9853139C8B23D0A37E /* libPods-McMusicFly.a in Frameworks */ = {isa = PBXBuildFile; fileRef = 6D02C98D3A5A6FD407172A51 /* libPods-McMusicFly.a */; };
		6301C3D91FDD48030042C9EF /* WMLightView.m in Sources */ = {isa = PBXBuildFile; fileRef = 6301C3D81FDD48030042C9EF /* WMLightView.m */; };
		6396AC601FD79A40001206A1 /* TencentNewsViewController.m in Sources */ = {isa = PBXBuildFile; fileRef = 6396AC5F1FD79A40001206A1 /* TencentNewsViewController.m */; };
		6396AC641FD7A4AF001206A1 /* SinaNewsViewController.m in Sources */ = {isa = PBXBuildFile; fileRef = 6396AC631FD7A4AF001206A1 /* SinaNewsViewController.m */; };
		6396AC681FD7CB1E001206A1 /* videoCell.m in Sources */ = {isa = PBXBuildFile; fileRef = 6396AC661FD7CB1E001206A1 /* videoCell.m */; };
		6396AC691FD7CB1E001206A1 /* videoCell.xib in Resources */ = {isa = PBXBuildFile; fileRef = 6396AC671FD7CB1E001206A1 /* videoCell.xib */; };
		6396AC6D1FD7E714001206A1 /* WMPlayer.m in Sources */ = {isa = PBXBuildFile; fileRef = 6396AC6C1FD7E714001206A1 /* WMPlayer.m */; };
		6396AC711FD7F1D4001206A1 /* FastForwardView.m in Sources */ = {isa = PBXBuildFile; fileRef = 6396AC6E1FD7F1D3001206A1 /* FastForwardView.m */; };
		6396AC721FD7F1D4001206A1 /* FastForwardView.xib in Resources */ = {isa = PBXBuildFile; fileRef = 6396AC6F1FD7F1D4001206A1 /* FastForwardView.xib */; };
		639A9F901FD555E20007C156 /* Assets.xcassets in Resources */ = {isa = PBXBuildFile; fileRef = 639A9F8F1FD555E20007C156 /* Assets.xcassets */; };
		639A9F931FD555E20007C156 /* LaunchScreen.storyboard in Resources */ = {isa = PBXBuildFile; fileRef = 639A9F911FD555E20007C156 /* LaunchScreen.storyboard */; };
		639A9F961FD555E20007C156 /* main.m in Sources */ = {isa = PBXBuildFile; fileRef = 639A9F951FD555E20007C156 /* main.m */; };
		639A9FA01FD555E20007C156 /* McMusicFlyTests.m in Sources */ = {isa = PBXBuildFile; fileRef = 639A9F9F1FD555E20007C156 /* McMusicFlyTests.m */; };
		639A9FAB1FD555E20007C156 /* McMusicFlyUITests.m in Sources */ = {isa = PBXBuildFile; fileRef = 639A9FAA1FD555E20007C156 /* McMusicFlyUITests.m */; };
		639A9FC41FD566DB0007C156 /* AppDelegate.m in Sources */ = {isa = PBXBuildFile; fileRef = 639A9FBF1FD566DB0007C156 /* AppDelegate.m */; };
		639A9FC81FD568560007C156 /* UIViewController+GestureStateBlock.m in Sources */ = {isa = PBXBuildFile; fileRef = 639A9FC71FD568560007C156 /* UIViewController+GestureStateBlock.m */; };
		639A9FCB1FD56D170007C156 /* BaseViewController.m in Sources */ = {isa = PBXBuildFile; fileRef = 639A9FCA1FD56D170007C156 /* BaseViewController.m */; };
		639A9FCE1FD56E110007C156 /* BaseNavViewController.m in Sources */ = {isa = PBXBuildFile; fileRef = 639A9FCD1FD56E110007C156 /* BaseNavViewController.m */; };
		639A9FD11FD57BC80007C156 /* ScreenShotView.m in Sources */ = {isa = PBXBuildFile; fileRef = 639A9FD01FD57BC70007C156 /* ScreenShotView.m */; };
		639A9FD41FD586EF0007C156 /* DataManager.m in Sources */ = {isa = PBXBuildFile; fileRef = 639A9FD31FD586EF0007C156 /* DataManager.m */; };
		639A9FD71FD589A20007C156 /* VideoModel.m in Sources */ = {isa = PBXBuildFile; fileRef = 639A9FD61FD589A20007C156 /* VideoModel.m */; };
		639A9FDA1FD589FB0007C156 /* SidModel.m in Sources */ = {isa = PBXBuildFile; fileRef = 639A9FD91FD589FB0007C156 /* SidModel.m */; };
		639A9FDD1FD5908E0007C156 /* RootTabBarController.m in Sources */ = {isa = PBXBuildFile; fileRef = 639A9FDC1FD5908E0007C156 /* RootTabBarController.m */; };
		639A9FDF1FD594E00007C156 /* Main.storyboard in Resources */ = {isa = PBXBuildFile; fileRef = 639A9FDE1FD594E00007C156 /* Main.storyboard */; };
/* End PBXBuildFile section */

/* Begin PBXContainerItemProxy section */
		639A9F9C1FD555E20007C156 /* PBXContainerItemProxy */ = {
			isa = PBXContainerItemProxy;
			containerPortal = 639A9F7B1FD555E20007C156 /* Project object */;
			proxyType = 1;
			remoteGlobalIDString = 639A9F821FD555E20007C156;
			remoteInfo = McMusicFly;
		};
		639A9FA71FD555E20007C156 /* PBXContainerItemProxy */ = {
			isa = PBXContainerItemProxy;
			containerPortal = 639A9F7B1FD555E20007C156 /* Project object */;
			proxyType = 1;
			remoteGlobalIDString = 639A9F821FD555E20007C156;
			remoteInfo = McMusicFly;
		};
/* End PBXContainerItemProxy section */

/* Begin PBXFileReference section */
		6301C3D71FDD48030042C9EF /* WMLightView.h */ = {isa = PBXFileReference; lastKnownFileType = sourcecode.c.h; path = WMLightView.h; sourceTree = "<group>"; };
		6301C3D81FDD48030042C9EF /* WMLightView.m */ = {isa = PBXFileReference; lastKnownFileType = sourcecode.c.objc; path = WMLightView.m; sourceTree = "<group>"; };
		6396AC5E1FD79A40001206A1 /* TencentNewsViewController.h */ = {isa = PBXFileReference; lastKnownFileType = sourcecode.c.h; path = TencentNewsViewController.h; sourceTree = "<group>"; };
		6396AC5F1FD79A40001206A1 /* TencentNewsViewController.m */ = {isa = PBXFileReference; lastKnownFileType = sourcecode.c.objc; path = TencentNewsViewController.m; sourceTree = "<group>"; };
		6396AC621FD7A4AF001206A1 /* SinaNewsViewController.h */ = {isa = PBXFileReference; lastKnownFileType = sourcecode.c.h; path = SinaNewsViewController.h; sourceTree = "<group>"; };
		6396AC631FD7A4AF001206A1 /* SinaNewsViewController.m */ = {isa = PBXFileReference; lastKnownFileType = sourcecode.c.objc; path = SinaNewsViewController.m; sourceTree = "<group>"; };
		6396AC651FD7CB1E001206A1 /* videoCell.h */ = {isa = PBXFileReference; lastKnownFileType = sourcecode.c.h; path = videoCell.h; sourceTree = "<group>"; };
		6396AC661FD7CB1E001206A1 /* videoCell.m */ = {isa = PBXFileReference; lastKnownFileType = sourcecode.c.objc; path = videoCell.m; sourceTree = "<group>"; };
		6396AC671FD7CB1E001206A1 /* videoCell.xib */ = {isa = PBXFileReference; lastKnownFileType = file.xib; path = videoCell.xib; sourceTree = "<group>"; };
		6396AC6B1FD7E714001206A1 /* WMPlayer.h */ = {isa = PBXFileReference; lastKnownFileType = sourcecode.c.h; path = WMPlayer.h; sourceTree = "<group>"; };
		6396AC6C1FD7E714001206A1 /* WMPlayer.m */ = {isa = PBXFileReference; lastKnownFileType = sourcecode.c.objc; path = WMPlayer.m; sourceTree = "<group>"; };
		6396AC6E1FD7F1D3001206A1 /* FastForwardView.m */ = {isa = PBXFileReference; fileEncoding = 4; lastKnownFileType = sourcecode.c.objc; path = FastForwardView.m; sourceTree = "<group>"; };
		6396AC6F1FD7F1D4001206A1 /* FastForwardView.xib */ = {isa = PBXFileReference; fileEncoding = 4; lastKnownFileType = file.xib; path = FastForwardView.xib; sourceTree = "<group>"; };
		6396AC701FD7F1D4001206A1 /* FastForwardView.h */ = {isa = PBXFileReference; fileEncoding = 4; lastKnownFileType = sourcecode.c.h; path = FastForwardView.h; sourceTree = "<group>"; };
		639A9F831FD555E20007C156 /* McMusicFly.app */ = {isa = PBXFileReference; explicitFileType = wrapper.application; includeInIndex = 0; path = McMusicFly.app; sourceTree = BUILT_PRODUCTS_DIR; };
		639A9F8F1FD555E20007C156 /* Assets.xcassets */ = {isa = PBXFileReference; lastKnownFileType = folder.assetcatalog; path = Assets.xcassets; sourceTree = "<group>"; };
		639A9F921FD555E20007C156 /* Base */ = {isa = PBXFileReference; lastKnownFileType = file.storyboard; name = Base; path = Base.lproj/LaunchScreen.storyboard; sourceTree = "<group>"; };
		639A9F941FD555E20007C156 /* Info.plist */ = {isa = PBXFileReference; lastKnownFileType = text.plist.xml; path = Info.plist; sourceTree = "<group>"; };
		639A9F951FD555E20007C156 /* main.m */ = {isa = PBXFileReference; lastKnownFileType = sourcecode.c.objc; path = main.m; sourceTree = "<group>"; };
		639A9F9B1FD555E20007C156 /* McMusicFlyTests.xctest */ = {isa = PBXFileReference; explicitFileType = wrapper.cfbundle; includeInIndex = 0; path = McMusicFlyTests.xctest; sourceTree = BUILT_PRODUCTS_DIR; };
		639A9F9F1FD555E20007C156 /* McMusicFlyTests.m */ = {isa = PBXFileReference; lastKnownFileType = sourcecode.c.objc; path = McMusicFlyTests.m; sourceTree = "<group>"; };
		639A9FA11FD555E20007C156 /* Info.plist */ = {isa = PBXFileReference; lastKnownFileType = text.plist.xml; path = Info.plist; sourceTree = "<group>"; };
		639A9FA61FD555E20007C156 /* McMusicFlyUITests.xctest */ = {isa = PBXFileReference; explicitFileType = wrapper.cfbundle; includeInIndex = 0; path = McMusicFlyUITests.xctest; sourceTree = BUILT_PRODUCTS_DIR; };
		639A9FAA1FD555E20007C156 /* McMusicFlyUITests.m */ = {isa = PBXFileReference; lastKnownFileType = sourcecode.c.objc; path = McMusicFlyUITests.m; sourceTree = "<group>"; };
		639A9FAC1FD555E20007C156 /* Info.plist */ = {isa = PBXFileReference; lastKnownFileType = text.plist.xml; path = Info.plist; sourceTree = "<group>"; };
		639A9FBE1FD566DB0007C156 /* AppDelegate.h */ = {isa = PBXFileReference; fileEncoding = 4; lastKnownFileType = sourcecode.c.h; path = AppDelegate.h; sourceTree = "<group>"; };
		639A9FBF1FD566DB0007C156 /* AppDelegate.m */ = {isa = PBXFileReference; fileEncoding = 4; lastKnownFileType = sourcecode.c.objc; path = AppDelegate.m; sourceTree = "<group>"; };
		639A9FC51FD566F60007C156 /* Configuration.h */ = {isa = PBXFileReference; lastKnownFileType = sourcecode.c.h; path = Configuration.h; sourceTree = "<group>"; };
		639A9FC61FD568560007C156 /* UIViewController+GestureStateBlock.h */ = {isa = PBXFileReference; lastKnownFileType = sourcecode.c.h; path = "UIViewController+GestureStateBlock.h"; sourceTree = "<group>"; };
		639A9FC71FD568560007C156 /* UIViewController+GestureStateBlock.m */ = {isa = PBXFileReference; lastKnownFileType = sourcecode.c.objc; path = "UIViewController+GestureStateBlock.m"; sourceTree = "<group>"; };
		639A9FC91FD56D170007C156 /* BaseViewController.h */ = {isa = PBXFileReference; lastKnownFileType = sourcecode.c.h; path = BaseViewController.h; sourceTree = "<group>"; };
		639A9FCA1FD56D170007C156 /* BaseViewController.m */ = {isa = PBXFileReference; lastKnownFileType = sourcecode.c.objc; path = BaseViewController.m; sourceTree = "<group>"; };
		639A9FCC1FD56E110007C156 /* BaseNavViewController.h */ = {isa = PBXFileReference; lastKnownFileType = sourcecode.c.h; path = BaseNavViewController.h; sourceTree = "<group>"; };
		639A9FCD1FD56E110007C156 /* BaseNavViewController.m */ = {isa = PBXFileReference; lastKnownFileType = sourcecode.c.objc; path = BaseNavViewController.m; sourceTree = "<group>"; };
		639A9FCF1FD57BC70007C156 /* ScreenShotView.h */ = {isa = PBXFileReference; fileEncoding = 4; lastKnownFileType = sourcecode.c.h; path = ScreenShotView.h; sourceTree = "<group>"; };
		639A9FD01FD57BC70007C156 /* ScreenShotView.m */ = {isa = PBXFileReference; fileEncoding = 4; lastKnownFileType = sourcecode.c.objc; path = ScreenShotView.m; sourceTree = "<group>"; };
		639A9FD21FD586EF0007C156 /* DataManager.h */ = {isa = PBXFileReference; lastKnownFileType = sourcecode.c.h; path = DataManager.h; sourceTree = "<group>"; };
		639A9FD31FD586EF0007C156 /* DataManager.m */ = {isa = PBXFileReference; lastKnownFileType = sourcecode.c.objc; path = DataManager.m; sourceTree = "<group>"; };
		639A9FD51FD589A20007C156 /* VideoModel.h */ = {isa = PBXFileReference; lastKnownFileType = sourcecode.c.h; path = VideoModel.h; sourceTree = "<group>"; };
		639A9FD61FD589A20007C156 /* VideoModel.m */ = {isa = PBXFileReference; lastKnownFileType = sourcecode.c.objc; path = VideoModel.m; sourceTree = "<group>"; };
		639A9FD81FD589FB0007C156 /* SidModel.h */ = {isa = PBXFileReference; lastKnownFileType = sourcecode.c.h; path = SidModel.h; sourceTree = "<group>"; };
		639A9FD91FD589FB0007C156 /* SidModel.m */ = {isa = PBXFileReference; lastKnownFileType = sourcecode.c.objc; path = SidModel.m; sourceTree = "<group>"; };
		639A9FDB1FD5908E0007C156 /* RootTabBarController.h */ = {isa = PBXFileReference; lastKnownFileType = sourcecode.c.h; path = RootTabBarController.h; sourceTree = "<group>"; };
		639A9FDC1FD5908E0007C156 /* RootTabBarController.m */ = {isa = PBXFileReference; lastKnownFileType = sourcecode.c.objc; path = RootTabBarController.m; sourceTree = "<group>"; };
		639A9FDE1FD594E00007C156 /* Main.storyboard */ = {isa = PBXFileReference; lastKnownFileType = file.storyboard; path = Main.storyboard; sourceTree = "<group>"; };
		6D02C98D3A5A6FD407172A51 /* libPods-McMusicFly.a */ = {isa = PBXFileReference; explicitFileType = archive.ar; includeInIndex = 0; path = "libPods-McMusicFly.a"; sourceTree = BUILT_PRODUCTS_DIR; };
		723AD233158DFC5CD5E3E8C2 /* Pods-McMusicFly.release.xcconfig */ = {isa = PBXFileReference; includeInIndex = 1; lastKnownFileType = text.xcconfig; name = "Pods-McMusicFly.release.xcconfig"; path = "Pods/Target Support Files/Pods-McMusicFly/Pods-McMusicFly.release.xcconfig"; sourceTree = "<group>"; };
		AD766738BB4F80BA5620ED91 /* Pods-McMusicFly.debug.xcconfig */ = {isa = PBXFileReference; includeInIndex = 1; lastKnownFileType = text.xcconfig; name = "Pods-McMusicFly.debug.xcconfig"; path = "Pods/Target Support Files/Pods-McMusicFly/Pods-McMusicFly.debug.xcconfig"; sourceTree = "<group>"; };
/* End PBXFileReference section */

/* Begin PBXFrameworksBuildPhase section */
		639A9F801FD555E20007C156 /* Frameworks */ = {
			isa = PBXFrameworksBuildPhase;
			buildActionMask = 2147483647;
			files = (
				2798EC9853139C8B23D0A37E /* libPods-McMusicFly.a in Frameworks */,
			);
			runOnlyForDeploymentPostprocessing = 0;
		};
		639A9F981FD555E20007C156 /* Frameworks */ = {
			isa = PBXFrameworksBuildPhase;
			buildActionMask = 2147483647;
			files = (
			);
			runOnlyForDeploymentPostprocessing = 0;
		};
		639A9FA31FD555E20007C156 /* Frameworks */ = {
			isa = PBXFrameworksBuildPhase;
			buildActionMask = 2147483647;
			files = (
			);
			runOnlyForDeploymentPostprocessing = 0;
		};
/* End PBXFrameworksBuildPhase section */

/* Begin PBXGroup section */
		29C09DD4F8F37762233F3FD5 /* Pods */ = {
			isa = PBXGroup;
			children = (
				AD766738BB4F80BA5620ED91 /* Pods-McMusicFly.debug.xcconfig */,
				723AD233158DFC5CD5E3E8C2 /* Pods-McMusicFly.release.xcconfig */,
			);
			name = Pods;
			sourceTree = "<group>";
		};
		2D559EBE9C118D99F60F799D /* Frameworks */ = {
			isa = PBXGroup;
			children = (
				6D02C98D3A5A6FD407172A51 /* libPods-McMusicFly.a */,
			);
			name = Frameworks;
			sourceTree = "<group>";
		};
		6396AC6A1FD7E6FB001206A1 /* WMPlayer */ = {
			isa = PBXGroup;
			children = (
				6396AC701FD7F1D4001206A1 /* FastForwardView.h */,
				6396AC6E1FD7F1D3001206A1 /* FastForwardView.m */,
				6396AC6F1FD7F1D4001206A1 /* FastForwardView.xib */,
				6396AC6B1FD7E714001206A1 /* WMPlayer.h */,
				6396AC6C1FD7E714001206A1 /* WMPlayer.m */,
				6301C3D71FDD48030042C9EF /* WMLightView.h */,
				6301C3D81FDD48030042C9EF /* WMLightView.m */,
			);
			path = WMPlayer;
			sourceTree = "<group>";
		};
		639A9F7A1FD555E20007C156 = {
			isa = PBXGroup;
			children = (
				639A9F851FD555E20007C156 /* McMusicFly */,
				639A9F9E1FD555E20007C156 /* McMusicFlyTests */,
				639A9FA91FD555E20007C156 /* McMusicFlyUITests */,
				639A9F841FD555E20007C156 /* Products */,
				29C09DD4F8F37762233F3FD5 /* Pods */,
				2D559EBE9C118D99F60F799D /* Frameworks */,
			);
			sourceTree = "<group>";
		};
		639A9F841FD555E20007C156 /* Products */ = {
			isa = PBXGroup;
			children = (
				639A9F831FD555E20007C156 /* McMusicFly.app */,
				639A9F9B1FD555E20007C156 /* McMusicFlyTests.xctest */,
				639A9FA61FD555E20007C156 /* McMusicFlyUITests.xctest */,
			);
			name = Products;
			sourceTree = "<group>";
		};
		639A9F851FD555E20007C156 /* McMusicFly */ = {
			isa = PBXGroup;
			children = (
				639A9FBA1FD566DB0007C156 /* BaseClass */,
				639A9FBC1FD566DB0007C156 /* Extesion */,
				639A9FBD1FD566DB0007C156 /* Main */,
				639A9FBB1FD566DB0007C156 /* Resource */,
				639A9FB81FD566DB0007C156 /* SDK */,
				639A9FB91FD566DB0007C156 /* Tool */,
				639A9F8F1FD555E20007C156 /* Assets.xcassets */,
				639A9F911FD555E20007C156 /* LaunchScreen.storyboard */,
				639A9F941FD555E20007C156 /* Info.plist */,
				639A9F951FD555E20007C156 /* main.m */,
				639A9FC51FD566F60007C156 /* Configuration.h */,
				639A9FDE1FD594E00007C156 /* Main.storyboard */,
			);
			path = McMusicFly;
			sourceTree = "<group>";
		};
		639A9F9E1FD555E20007C156 /* McMusicFlyTests */ = {
			isa = PBXGroup;
			children = (
				639A9F9F1FD555E20007C156 /* McMusicFlyTests.m */,
				639A9FA11FD555E20007C156 /* Info.plist */,
			);
			path = McMusicFlyTests;
			sourceTree = "<group>";
		};
		639A9FA91FD555E20007C156 /* McMusicFlyUITests */ = {
			isa = PBXGroup;
			children = (
				639A9FAA1FD555E20007C156 /* McMusicFlyUITests.m */,
				639A9FAC1FD555E20007C156 /* Info.plist */,
			);
			path = McMusicFlyUITests;
			sourceTree = "<group>";
		};
		639A9FB81FD566DB0007C156 /* SDK */ = {
			isa = PBXGroup;
			children = (
			);
			path = SDK;
			sourceTree = "<group>";
		};
		639A9FB91FD566DB0007C156 /* Tool */ = {
			isa = PBXGroup;
			children = (
				639A9FD21FD586EF0007C156 /* DataManager.h */,
				639A9FD31FD586EF0007C156 /* DataManager.m */,
			);
			path = Tool;
			sourceTree = "<group>";
		};
		639A9FBA1FD566DB0007C156 /* BaseClass */ = {
			isa = PBXGroup;
			children = (
				639A9FC91FD56D170007C156 /* BaseViewController.h */,
				639A9FCA1FD56D170007C156 /* BaseViewController.m */,
				639A9FCC1FD56E110007C156 /* BaseNavViewController.h */,
				639A9FCD1FD56E110007C156 /* BaseNavViewController.m */,
				639A9FDB1FD5908E0007C156 /* RootTabBarController.h */,
				639A9FDC1FD5908E0007C156 /* RootTabBarController.m */,
			);
			path = BaseClass;
			sourceTree = "<group>";
		};
		639A9FBB1FD566DB0007C156 /* Resource */ = {
			isa = PBXGroup;
			children = (
			);
			path = Resource;
			sourceTree = "<group>";
		};
		639A9FBC1FD566DB0007C156 /* Extesion */ = {
			isa = PBXGroup;
			children = (
				639A9FCF1FD57BC70007C156 /* ScreenShotView.h */,
				639A9FD01FD57BC70007C156 /* ScreenShotView.m */,
				639A9FC61FD568560007C156 /* UIViewController+GestureStateBlock.h */,
				639A9FC71FD568560007C156 /* UIViewController+GestureStateBlock.m */,
			);
			path = Extesion;
			sourceTree = "<group>";
		};
		639A9FBD1FD566DB0007C156 /* Main */ = {
			isa = PBXGroup;
			children = (
				639A9FBE1FD566DB0007C156 /* AppDelegate.h */,
				639A9FBF1FD566DB0007C156 /* AppDelegate.m */,
				639A9FC01FD566DB0007C156 /* Controller */,
				639A9FC11FD566DB0007C156 /* Model */,
				639A9FC21FD566DB0007C156 /* View */,
				639A9FC31FD566DB0007C156 /* ViewModel */,
			);
			path = Main;
			sourceTree = "<group>";
		};
		639A9FC01FD566DB0007C156 /* Controller */ = {
			isa = PBXGroup;
			children = (
				6396AC5E1FD79A40001206A1 /* TencentNewsViewController.h */,
				6396AC5F1FD79A40001206A1 /* TencentNewsViewController.m */,
				6396AC621FD7A4AF001206A1 /* SinaNewsViewController.h */,
				6396AC631FD7A4AF001206A1 /* SinaNewsViewController.m */,
			);
			path = Controller;
			sourceTree = "<group>";
		};
		639A9FC11FD566DB0007C156 /* Model */ = {
			isa = PBXGroup;
			children = (
				639A9FD51FD589A20007C156 /* VideoModel.h */,
				639A9FD61FD589A20007C156 /* VideoModel.m */,
				639A9FD81FD589FB0007C156 /* SidModel.h */,
				639A9FD91FD589FB0007C156 /* SidModel.m */,
			);
			path = Model;
			sourceTree = "<group>";
		};
		639A9FC21FD566DB0007C156 /* View */ = {
			isa = PBXGroup;
			children = (
				6396AC6A1FD7E6FB001206A1 /* WMPlayer */,
				6396AC651FD7CB1E001206A1 /* videoCell.h */,
				6396AC661FD7CB1E001206A1 /* videoCell.m */,
				6396AC671FD7CB1E001206A1 /* videoCell.xib */,
			);
			path = View;
			sourceTree = "<group>";
		};
		639A9FC31FD566DB0007C156 /* ViewModel */ = {
			isa = PBXGroup;
			children = (
			);
			path = ViewModel;
			sourceTree = "<group>";
		};
/* End PBXGroup section */

/* Begin PBXNativeTarget section */
		639A9F821FD555E20007C156 /* McMusicFly */ = {
			isa = PBXNativeTarget;
			buildConfigurationList = 639A9FAF1FD555E20007C156 /* Build configuration list for PBXNativeTarget "McMusicFly" */;
			buildPhases = (
				62F4A04BC67E7ADC4C8069C1 /* [CP] Check Pods Manifest.lock */,
				639A9F7F1FD555E20007C156 /* Sources */,
				639A9F801FD555E20007C156 /* Frameworks */,
				639A9F811FD555E20007C156 /* Resources */,
				42EACDCC1FB58A205A012368 /* [CP] Embed Pods Frameworks */,
				EAD56092162B8C5866E58F40 /* [CP] Copy Pods Resources */,
			);
			buildRules = (
			);
			dependencies = (
			);
			name = McMusicFly;
			productName = McMusicFly;
			productReference = 639A9F831FD555E20007C156 /* McMusicFly.app */;
			productType = "com.apple.product-type.application";
		};
		639A9F9A1FD555E20007C156 /* McMusicFlyTests */ = {
			isa = PBXNativeTarget;
			buildConfigurationList = 639A9FB21FD555E20007C156 /* Build configuration list for PBXNativeTarget "McMusicFlyTests" */;
			buildPhases = (
				639A9F971FD555E20007C156 /* Sources */,
				639A9F981FD555E20007C156 /* Frameworks */,
				639A9F991FD555E20007C156 /* Resources */,
			);
			buildRules = (
			);
			dependencies = (
				639A9F9D1FD555E20007C156 /* PBXTargetDependency */,
			);
			name = McMusicFlyTests;
			productName = McMusicFlyTests;
			productReference = 639A9F9B1FD555E20007C156 /* McMusicFlyTests.xctest */;
			productType = "com.apple.product-type.bundle.unit-test";
		};
		639A9FA51FD555E20007C156 /* McMusicFlyUITests */ = {
			isa = PBXNativeTarget;
			buildConfigurationList = 639A9FB51FD555E20007C156 /* Build configuration list for PBXNativeTarget "McMusicFlyUITests" */;
			buildPhases = (
				639A9FA21FD555E20007C156 /* Sources */,
				639A9FA31FD555E20007C156 /* Frameworks */,
				639A9FA41FD555E20007C156 /* Resources */,
			);
			buildRules = (
			);
			dependencies = (
				639A9FA81FD555E20007C156 /* PBXTargetDependency */,
			);
			name = McMusicFlyUITests;
			productName = McMusicFlyUITests;
			productReference = 639A9FA61FD555E20007C156 /* McMusicFlyUITests.xctest */;
			productType = "com.apple.product-type.bundle.ui-testing";
		};
/* End PBXNativeTarget section */

/* Begin PBXProject section */
		639A9F7B1FD555E20007C156 /* Project object */ = {
			isa = PBXProject;
			attributes = {
				LastUpgradeCheck = 0900;
				ORGANIZATIONNAME = TANZHIWEN;
				TargetAttributes = {
					639A9F821FD555E20007C156 = {
						CreatedOnToolsVersion = 9.0.1;
						ProvisioningStyle = Automatic;
					};
					639A9F9A1FD555E20007C156 = {
						CreatedOnToolsVersion = 9.0.1;
						ProvisioningStyle = Automatic;
						TestTargetID = 639A9F821FD555E20007C156;
					};
					639A9FA51FD555E20007C156 = {
						CreatedOnToolsVersion = 9.0.1;
						ProvisioningStyle = Automatic;
						TestTargetID = 639A9F821FD555E20007C156;
					};
				};
			};
			buildConfigurationList = 639A9F7E1FD555E20007C156 /* Build configuration list for PBXProject "McMusicFly" */;
			compatibilityVersion = "Xcode 8.0";
			developmentRegion = en;
			hasScannedForEncodings = 0;
			knownRegions = (
				en,
				Base,
			);
			mainGroup = 639A9F7A1FD555E20007C156;
			productRefGroup = 639A9F841FD555E20007C156 /* Products */;
			projectDirPath = "";
			projectRoot = "";
			targets = (
				639A9F821FD555E20007C156 /* McMusicFly */,
				639A9F9A1FD555E20007C156 /* McMusicFlyTests */,
				639A9FA51FD555E20007C156 /* McMusicFlyUITests */,
			);
		};
/* End PBXProject section */

/* Begin PBXResourcesBuildPhase section */
		639A9F811FD555E20007C156 /* Resources */ = {
			isa = PBXResourcesBuildPhase;
			buildActionMask = 2147483647;
			files = (
				639A9FDF1FD594E00007C156 /* Main.storyboard in Resources */,
				6396AC721FD7F1D4001206A1 /* FastForwardView.xib in Resources */,
				6396AC691FD7CB1E001206A1 /* videoCell.xib in Resources */,
				639A9F931FD555E20007C156 /* LaunchScreen.storyboard in Resources */,
				639A9F901FD555E20007C156 /* Assets.xcassets in Resources */,
			);
			runOnlyForDeploymentPostprocessing = 0;
		};
		639A9F991FD555E20007C156 /* Resources */ = {
			isa = PBXResourcesBuildPhase;
			buildActionMask = 2147483647;
			files = (
			);
			runOnlyForDeploymentPostprocessing = 0;
		};
		639A9FA41FD555E20007C156 /* Resources */ = {
			isa = PBXResourcesBuildPhase;
			buildActionMask = 2147483647;
			files = (
			);
			runOnlyForDeploymentPostprocessing = 0;
		};
/* End PBXResourcesBuildPhase section */

/* Begin PBXShellScriptBuildPhase section */
		42EACDCC1FB58A205A012368 /* [CP] Embed Pods Frameworks */ = {
			isa = PBXShellScriptBuildPhase;
			buildActionMask = 2147483647;
			files = (
			);
			inputPaths = (
			);
			name = "[CP] Embed Pods Frameworks";
			outputPaths = (
			);
			runOnlyForDeploymentPostprocessing = 0;
			shellPath = /bin/sh;
			shellScript = "\"${SRCROOT}/Pods/Target Support Files/Pods-McMusicFly/Pods-McMusicFly-frameworks.sh\"\n";
			showEnvVarsInLog = 0;
		};
		62F4A04BC67E7ADC4C8069C1 /* [CP] Check Pods Manifest.lock */ = {
			isa = PBXShellScriptBuildPhase;
			buildActionMask = 2147483647;
			files = (
			);
			inputPaths = (
				"${PODS_PODFILE_DIR_PATH}/Podfile.lock",
				"${PODS_ROOT}/Manifest.lock",
			);
			name = "[CP] Check Pods Manifest.lock";
			outputPaths = (
				"$(DERIVED_FILE_DIR)/Pods-McMusicFly-checkManifestLockResult.txt",
			);
			runOnlyForDeploymentPostprocessing = 0;
			shellPath = /bin/sh;
			shellScript = "diff \"${PODS_PODFILE_DIR_PATH}/Podfile.lock\" \"${PODS_ROOT}/Manifest.lock\" > /dev/null\nif [ $? != 0 ] ; then\n    # print error to STDERR\n    echo \"error: The sandbox is not in sync with the Podfile.lock. Run 'pod install' or update your CocoaPods installation.\" >&2\n    exit 1\nfi\n# This output is used by Xcode 'outputs' to avoid re-running this script phase.\necho \"SUCCESS\" > \"${SCRIPT_OUTPUT_FILE_0}\"\n";
			showEnvVarsInLog = 0;
		};
		EAD56092162B8C5866E58F40 /* [CP] Copy Pods Resources */ = {
			isa = PBXShellScriptBuildPhase;
			buildActionMask = 2147483647;
			files = (
			);
			inputPaths = (
				"${SRCROOT}/Pods/Target Support Files/Pods-McMusicFly/Pods-McMusicFly-resources.sh",
				"${PODS_ROOT}/MJRefresh/MJRefresh/MJRefresh.bundle",
			);
			name = "[CP] Copy Pods Resources";
			outputPaths = (
				"${TARGET_BUILD_DIR}/${UNLOCALIZED_RESOURCES_FOLDER_PATH}",
			);
			runOnlyForDeploymentPostprocessing = 0;
			shellPath = /bin/sh;
			shellScript = "\"${SRCROOT}/Pods/Target Support Files/Pods-McMusicFly/Pods-McMusicFly-resources.sh\"\n";
			showEnvVarsInLog = 0;
		};
/* End PBXShellScriptBuildPhase section */

/* Begin PBXSourcesBuildPhase section */
		639A9F7F1FD555E20007C156 /* Sources */ = {
			isa = PBXSourcesBuildPhase;
			buildActionMask = 2147483647;
			files = (
				639A9FDA1FD589FB0007C156 /* SidModel.m in Sources */,
				6396AC681FD7CB1E001206A1 /* videoCell.m in Sources */,
				639A9FDD1FD5908E0007C156 /* RootTabBarController.m in Sources */,
				6396AC641FD7A4AF001206A1 /* SinaNewsViewController.m in Sources */,
				639A9FC41FD566DB0007C156 /* AppDelegate.m in Sources */,
				639A9FCB1FD56D170007C156 /* BaseViewController.m in Sources */,
				639A9FD41FD586EF0007C156 /* DataManager.m in Sources */,
				639A9FCE1FD56E110007C156 /* BaseNavViewController.m in Sources */,
				639A9F961FD555E20007C156 /* main.m in Sources */,
				639A9FD11FD57BC80007C156 /* ScreenShotView.m in Sources */,
				6396AC6D1FD7E714001206A1 /* WMPlayer.m in Sources */,
				639A9FC81FD568560007C156 /* UIViewController+GestureStateBlock.m in Sources */,
				639A9FD71FD589A20007C156 /* VideoModel.m in Sources */,
				6396AC601FD79A40001206A1 /* TencentNewsViewController.m in Sources */,
				6396AC711FD7F1D4001206A1 /* FastForwardView.m in Sources */,
				6301C3D91FDD48030042C9EF /* WMLightView.m in Sources */,
			);
			runOnlyForDeploymentPostprocessing = 0;
		};
		639A9F971FD555E20007C156 /* Sources */ = {
			isa = PBXSourcesBuildPhase;
			buildActionMask = 2147483647;
			files = (
				639A9FA01FD555E20007C156 /* McMusicFlyTests.m in Sources */,
			);
			runOnlyForDeploymentPostprocessing = 0;
		};
		639A9FA21FD555E20007C156 /* Sources */ = {
			isa = PBXSourcesBuildPhase;
			buildActionMask = 2147483647;
			files = (
				639A9FAB1FD555E20007C156 /* McMusicFlyUITests.m in Sources */,
			);
			runOnlyForDeploymentPostprocessing = 0;
		};
/* End PBXSourcesBuildPhase section */

/* Begin PBXTargetDependency section */
		639A9F9D1FD555E20007C156 /* PBXTargetDependency */ = {
			isa = PBXTargetDependency;
			target = 639A9F821FD555E20007C156 /* McMusicFly */;
			targetProxy = 639A9F9C1FD555E20007C156 /* PBXContainerItemProxy */;
		};
		639A9FA81FD555E20007C156 /* PBXTargetDependency */ = {
			isa = PBXTargetDependency;
			target = 639A9F821FD555E20007C156 /* McMusicFly */;
			targetProxy = 639A9FA71FD555E20007C156 /* PBXContainerItemProxy */;
		};
/* End PBXTargetDependency section */

/* Begin PBXVariantGroup section */
		639A9F911FD555E20007C156 /* LaunchScreen.storyboard */ = {
			isa = PBXVariantGroup;
			children = (
				639A9F921FD555E20007C156 /* Base */,
			);
			name = LaunchScreen.storyboard;
			sourceTree = "<group>";
		};
/* End PBXVariantGroup section */

/* Begin XCBuildConfiguration section */
		639A9FAD1FD555E20007C156 /* Debug */ = {
			isa = XCBuildConfiguration;
			buildSettings = {
				ALWAYS_SEARCH_USER_PATHS = NO;
				CLANG_ANALYZER_NONNULL = YES;
				CLANG_ANALYZER_NUMBER_OBJECT_CONVERSION = YES_AGGRESSIVE;
				CLANG_CXX_LANGUAGE_STANDARD = "gnu++14";
				CLANG_CXX_LIBRARY = "libc++";
				CLANG_ENABLE_MODULES = YES;
				CLANG_ENABLE_OBJC_ARC = YES;
				CLANG_WARN_BLOCK_CAPTURE_AUTORELEASING = YES;
				CLANG_WARN_BOOL_CONVERSION = YES;
				CLANG_WARN_COMMA = YES;
				CLANG_WARN_CONSTANT_CONVERSION = YES;
				CLANG_WARN_DIRECT_OBJC_ISA_USAGE = YES_ERROR;
				CLANG_WARN_DOCUMENTATION_COMMENTS = YES;
				CLANG_WARN_EMPTY_BODY = YES;
				CLANG_WARN_ENUM_CONVERSION = YES;
				CLANG_WARN_INFINITE_RECURSION = YES;
				CLANG_WARN_INT_CONVERSION = YES;
				CLANG_WARN_NON_LITERAL_NULL_CONVERSION = YES;
				CLANG_WARN_OBJC_LITERAL_CONVERSION = YES;
				CLANG_WARN_OBJC_ROOT_CLASS = YES_ERROR;
				CLANG_WARN_RANGE_LOOP_ANALYSIS = YES;
				CLANG_WARN_STRICT_PROTOTYPES = YES;
				CLANG_WARN_SUSPICIOUS_MOVE = YES;
				CLANG_WARN_UNGUARDED_AVAILABILITY = YES_AGGRESSIVE;
				CLANG_WARN_UNREACHABLE_CODE = YES;
				CLANG_WARN__DUPLICATE_METHOD_MATCH = YES;
				CODE_SIGN_IDENTITY = "iPhone Developer";
				COPY_PHASE_STRIP = NO;
				DEBUG_INFORMATION_FORMAT = dwarf;
				ENABLE_STRICT_OBJC_MSGSEND = YES;
				ENABLE_TESTABILITY = YES;
				GCC_C_LANGUAGE_STANDARD = gnu11;
				GCC_DYNAMIC_NO_PIC = NO;
				GCC_NO_COMMON_BLOCKS = YES;
				GCC_OPTIMIZATION_LEVEL = 0;
				GCC_PREPROCESSOR_DEFINITIONS = (
					"DEBUG=1",
					"$(inherited)",
				);
				GCC_WARN_64_TO_32_BIT_CONVERSION = YES;
				GCC_WARN_ABOUT_RETURN_TYPE = YES_ERROR;
				GCC_WARN_UNDECLARED_SELECTOR = YES;
				GCC_WARN_UNINITIALIZED_AUTOS = YES_AGGRESSIVE;
				GCC_WARN_UNUSED_FUNCTION = YES;
				GCC_WARN_UNUSED_VARIABLE = YES;
				IPHONEOS_DEPLOYMENT_TARGET = 11.0;
				MTL_ENABLE_DEBUG_INFO = YES;
				ONLY_ACTIVE_ARCH = YES;
				SDKROOT = iphoneos;
			};
			name = Debug;
		};
		639A9FAE1FD555E20007C156 /* Release */ = {
			isa = XCBuildConfiguration;
			buildSettings = {
				ALWAYS_SEARCH_USER_PATHS = NO;
				CLANG_ANALYZER_NONNULL = YES;
				CLANG_ANALYZER_NUMBER_OBJECT_CONVERSION = YES_AGGRESSIVE;
				CLANG_CXX_LANGUAGE_STANDARD = "gnu++14";
				CLANG_CXX_LIBRARY = "libc++";
				CLANG_ENABLE_MODULES = YES;
				CLANG_ENABLE_OBJC_ARC = YES;
				CLANG_WARN_BLOCK_CAPTURE_AUTORELEASING = YES;
				CLANG_WARN_BOOL_CONVERSION = YES;
				CLANG_WARN_COMMA = YES;
				CLANG_WARN_CONSTANT_CONVERSION = YES;
				CLANG_WARN_DIRECT_OBJC_ISA_USAGE = YES_ERROR;
				CLANG_WARN_DOCUMENTATION_COMMENTS = YES;
				CLANG_WARN_EMPTY_BODY = YES;
				CLANG_WARN_ENUM_CONVERSION = YES;
				CLANG_WARN_INFINITE_RECURSION = YES;
				CLANG_WARN_INT_CONVERSION = YES;
				CLANG_WARN_NON_LITERAL_NULL_CONVERSION = YES;
				CLANG_WARN_OBJC_LITERAL_CONVERSION = YES;
				CLANG_WARN_OBJC_ROOT_CLASS = YES_ERROR;
				CLANG_WARN_RANGE_LOOP_ANALYSIS = YES;
				CLANG_WARN_STRICT_PROTOTYPES = YES;
				CLANG_WARN_SUSPICIOUS_MOVE = YES;
				CLANG_WARN_UNGUARDED_AVAILABILITY = YES_AGGRESSIVE;
				CLANG_WARN_UNREACHABLE_CODE = YES;
				CLANG_WARN__DUPLICATE_METHOD_MATCH = YES;
				CODE_SIGN_IDENTITY = "iPhone Developer";
				COPY_PHASE_STRIP = NO;
				DEBUG_INFORMATION_FORMAT = "dwarf-with-dsym";
				ENABLE_NS_ASSERTIONS = NO;
				ENABLE_STRICT_OBJC_MSGSEND = YES;
				GCC_C_LANGUAGE_STANDARD = gnu11;
				GCC_NO_COMMON_BLOCKS = YES;
				GCC_WARN_64_TO_32_BIT_CONVERSION = YES;
				GCC_WARN_ABOUT_RETURN_TYPE = YES_ERROR;
				GCC_WARN_UNDECLARED_SELECTOR = YES;
				GCC_WARN_UNINITIALIZED_AUTOS = YES_AGGRESSIVE;
				GCC_WARN_UNUSED_FUNCTION = YES;
				GCC_WARN_UNUSED_VARIABLE = YES;
				IPHONEOS_DEPLOYMENT_TARGET = 11.0;
				MTL_ENABLE_DEBUG_INFO = NO;
				SDKROOT = iphoneos;
				VALIDATE_PRODUCT = YES;
			};
			name = Release;
		};
		639A9FB01FD555E20007C156 /* Debug */ = {
			isa = XCBuildConfiguration;
			baseConfigurationReference = AD766738BB4F80BA5620ED91 /* Pods-McMusicFly.debug.xcconfig */;
			buildSettings = {
				ASSETCATALOG_COMPILER_APPICON_NAME = AppIcon;
				CODE_SIGN_STYLE = Automatic;
				DEVELOPMENT_TEAM = 8XT6W8R4F9;
				INFOPLIST_FILE = McMusicFly/Info.plist;
				LD_RUNPATH_SEARCH_PATHS = "$(inherited) @executable_path/Frameworks";
				PRODUCT_BUNDLE_IDENTIFIER = TzwTeam.McMusicFly;
				PRODUCT_NAME = "$(TARGET_NAME)";
				TARGETED_DEVICE_FAMILY = "1,2";
			};
			name = Debug;
		};
		639A9FB11FD555E20007C156 /* Release */ = {
			isa = XCBuildConfiguration;
			baseConfigurationReference = 723AD233158DFC5CD5E3E8C2 /* Pods-McMusicFly.release.xcconfig */;
			buildSettings = {
				ASSETCATALOG_COMPILER_APPICON_NAME = AppIcon;
				CODE_SIGN_STYLE = Automatic;
				DEVELOPMENT_TEAM = 8XT6W8R4F9;
				INFOPLIST_FILE = McMusicFly/Info.plist;
				LD_RUNPATH_SEARCH_PATHS = "$(inherited) @executable_path/Frameworks";
				PRODUCT_BUNDLE_IDENTIFIER = TzwTeam.McMusicFly;
				PRODUCT_NAME = "$(TARGET_NAME)";
				TARGETED_DEVICE_FAMILY = "1,2";
			};
			name = Release;
		};
		639A9FB31FD555E20007C156 /* Debug */ = {
			isa = XCBuildConfiguration;
			buildSettings = {
				BUNDLE_LOADER = "$(TEST_HOST)";
				CODE_SIGN_STYLE = Automatic;
				DEVELOPMENT_TEAM = 8XT6W8R4F9;
				INFOPLIST_FILE = McMusicFlyTests/Info.plist;
				LD_RUNPATH_SEARCH_PATHS = "$(inherited) @executable_path/Frameworks @loader_path/Frameworks";
				PRODUCT_BUNDLE_IDENTIFIER = TzwTeam.McMusicFlyTests;
				PRODUCT_NAME = "$(TARGET_NAME)";
				TARGETED_DEVICE_FAMILY = "1,2";
				TEST_HOST = "$(BUILT_PRODUCTS_DIR)/McMusicFly.app/McMusicFly";
			};
			name = Debug;
		};
		639A9FB41FD555E20007C156 /* Release */ = {
			isa = XCBuildConfiguration;
			buildSettings = {
				BUNDLE_LOADER = "$(TEST_HOST)";
				CODE_SIGN_STYLE = Automatic;
				DEVELOPMENT_TEAM = 8XT6W8R4F9;
				INFOPLIST_FILE = McMusicFlyTests/Info.plist;
				LD_RUNPATH_SEARCH_PATHS = "$(inherited) @executable_path/Frameworks @loader_path/Frameworks";
				PRODUCT_BUNDLE_IDENTIFIER = TzwTeam.McMusicFlyTests;
				PRODUCT_NAME = "$(TARGET_NAME)";
				TARGETED_DEVICE_FAMILY = "1,2";
				TEST_HOST = "$(BUILT_PRODUCTS_DIR)/McMusicFly.app/McMusicFly";
			};
			name = Release;
		};
		639A9FB61FD555E20007C156 /* Debug */ = {
			isa = XCBuildConfiguration;
			buildSettings = {
				CODE_SIGN_STYLE = Automatic;
				DEVELOPMENT_TEAM = 8XT6W8R4F9;
				INFOPLIST_FILE = McMusicFlyUITests/Info.plist;
				LD_RUNPATH_SEARCH_PATHS = "$(inherited) @executable_path/Frameworks @loader_path/Frameworks";
				PRODUCT_BUNDLE_IDENTIFIER = TzwTeam.McMusicFlyUITests;
				PRODUCT_NAME = "$(TARGET_NAME)";
				TARGETED_DEVICE_FAMILY = "1,2";
				TEST_TARGET_NAME = McMusicFly;
			};
			name = Debug;
		};
		639A9FB71FD555E20007C156 /* Release */ = {
			isa = XCBuildConfiguration;
			buildSettings = {
				CODE_SIGN_STYLE = Automatic;
				DEVELOPMENT_TEAM = 8XT6W8R4F9;
				INFOPLIST_FILE = McMusicFlyUITests/Info.plist;
				LD_RUNPATH_SEARCH_PATHS = "$(inherited) @executable_path/Frameworks @loader_path/Frameworks";
				PRODUCT_BUNDLE_IDENTIFIER = TzwTeam.McMusicFlyUITests;
				PRODUCT_NAME = "$(TARGET_NAME)";
				TARGETED_DEVICE_FAMILY = "1,2";
				TEST_TARGET_NAME = McMusicFly;
			};
			name = Release;
		};
/* End XCBuildConfiguration section */

/* Begin XCConfigurationList section */
		639A9F7E1FD555E20007C156 /* Build configuration list for PBXProject "McMusicFly" */ = {
			isa = XCConfigurationList;
			buildConfigurations = (
				639A9FAD1FD555E20007C156 /* Debug */,
				639A9FAE1FD555E20007C156 /* Release */,
			);
			defaultConfigurationIsVisible = 0;
			defaultConfigurationName = Release;
		};
		639A9FAF1FD555E20007C156 /* Build configuration list for PBXNativeTarget "McMusicFly" */ = {
			isa = XCConfigurationList;
			buildConfigurations = (
				639A9FB01FD555E20007C156 /* Debug */,
				639A9FB11FD555E20007C156 /* Release */,
			);
			defaultConfigurationIsVisible = 0;
			defaultConfigurationName = Release;
		};
		639A9FB21FD555E20007C156 /* Build configuration list for PBXNativeTarget "McMusicFlyTests" */ = {
			isa = XCConfigurationList;
			buildConfigurations = (
				639A9FB31FD555E20007C156 /* Debug */,
				639A9FB41FD555E20007C156 /* Release */,
			);
			defaultConfigurationIsVisible = 0;
			defaultConfigurationName = Release;
		};
		639A9FB51FD555E20007C156 /* Build configuration list for PBXNativeTarget "McMusicFlyUITests" */ = {
			isa = XCConfigurationList;
			buildConfigurations = (
				639A9FB61FD555E20007C156 /* Debug */,
				639A9FB71FD555E20007C156 /* Release */,
			);
			defaultConfigurationIsVisible = 0;
			defaultConfigurationName = Release;
		};
/* End XCConfigurationList section */
	};
	rootObject = 639A9F7B1FD555E20007C156 /* Project object */;
}
